
Microsoft Visual Studio Solution File, Format Version 12.00
# Visual Studio Version 17
VisualStudioVersion = 17.0.31903.59
MinimumVisualStudioVersion = 10.0.40219.1
Project("{2150E333-8FDC-42A3-9474-1A3956D46DE8}") = "src", "src", "{AD340CE8-4D03-4495-8035-09E1E5DCDB21}"
EndProject
Project("{9A19103F-16F7-4668-BE54-9A1E7A4F7556}") = "Baseline.Labourer", "src\Baseline.Labourer\Baseline.Labourer.csproj", "{9F04B604-7268-4CF4-8E3D-9F8AA25BD7BE}"
EndProject
Project("{9A19103F-16F7-4668-BE54-9A1E7A4F7556}") = "Baseline.Labourer.DependencyInjection", "src\Baseline.Labourer.DependencyInjection\Baseline.Labourer.DependencyInjection.csproj", "{DAE24B66-E2B0-46F3-9417-649E18C9DBCF}"
EndProject
Project("{9A19103F-16F7-4668-BE54-9A1E7A4F7556}") = "Baseline.Labourer.Server", "src\Baseline.Labourer.Server\Baseline.Labourer.Server.csproj", "{7DA6C46D-D7DB-4BF4-B946-236DC513C5EF}"
EndProject
Project("{9A19103F-16F7-4668-BE54-9A1E7A4F7556}") = "Baseline.Labourer.Store.Memory", "src\Baseline.Labourer.Store.Memory\Baseline.Labourer.Store.Memory.csproj", "{72D103FA-FC6F-43CF-9B61-4F175AA2D565}"
EndProject
Project("{9A19103F-16F7-4668-BE54-9A1E7A4F7556}") = "Baseline.Labourer.Queue.Memory", "src\Baseline.Labourer.Queue.Memory\Baseline.Labourer.Queue.Memory.csproj", "{007CB1C5-C9C8-4DF6-8FAE-00FC835A1227}"
EndProject
Project("{2150E333-8FDC-42A3-9474-1A3956D46DE8}") = "test", "test", "{9EEB4E00-25B1-40BE-9CA9-301BDB3BC519}"
EndProject
Project("{9A19103F-16F7-4668-BE54-9A1E7A4F7556}") = "Baseline.Labourer.Tests", "test\Baseline.Labourer.Tests\Baseline.Labourer.Tests.csproj", "{A613A72D-E728-4482-BBCB-85B3D11BAD48}"
EndProject
Project("{9A19103F-16F7-4668-BE54-9A1E7A4F7556}") = "Baseline.Labourer.Server.Tests", "test\Baseline.Labourer.Server.Tests\Baseline.Labourer.Server.Tests.csproj", "{31A4EF3E-58E6-4421-BE3A-C64B3AF10FF6}"
EndProject
Project("{2150E333-8FDC-42A3-9474-1A3956D46DE8}") = "Queues", "Queues", "{F9DE9EA6-4758-4DBE-8789-FD65229786EB}"
EndProject
Project("{2150E333-8FDC-42A3-9474-1A3956D46DE8}") = "Stores", "Stores", "{5BC58A3D-96B6-4714-A60D-1EF522048731}"
EndProject
Project("{2150E333-8FDC-42A3-9474-1A3956D46DE8}") = "Stores", "Stores", "{E044D10B-56F6-4D9C-AE9B-1876C35B6819}"
EndProject
Project("{FAE04EC0-301F-11D3-BF4B-00C04F79EFBC}") = "Baseline.Labourer.Store.Memory.Tests", "test\Baseline.Labourer.Store.Memory.Tests\Baseline.Labourer.Store.Memory.Tests.csproj", "{AC9748F4-D341-44B7-8512-CE73388A8EBF}"
EndProject
Global
	GlobalSection(SolutionConfigurationPlatforms) = preSolution
		Debug|Any CPU = Debug|Any CPU
		Debug|x64 = Debug|x64
		Debug|x86 = Debug|x86
		Release|Any CPU = Release|Any CPU
		Release|x64 = Release|x64
		Release|x86 = Release|x86
	EndGlobalSection
	GlobalSection(ProjectConfigurationPlatforms) = postSolution
		{9F04B604-7268-4CF4-8E3D-9F8AA25BD7BE}.Debug|Any CPU.ActiveCfg = Debug|Any CPU
		{9F04B604-7268-4CF4-8E3D-9F8AA25BD7BE}.Debug|Any CPU.Build.0 = Debug|Any CPU
		{9F04B604-7268-4CF4-8E3D-9F8AA25BD7BE}.Debug|x64.ActiveCfg = Debug|Any CPU
		{9F04B604-7268-4CF4-8E3D-9F8AA25BD7BE}.Debug|x64.Build.0 = Debug|Any CPU
		{9F04B604-7268-4CF4-8E3D-9F8AA25BD7BE}.Debug|x86.ActiveCfg = Debug|Any CPU
		{9F04B604-7268-4CF4-8E3D-9F8AA25BD7BE}.Debug|x86.Build.0 = Debug|Any CPU
		{9F04B604-7268-4CF4-8E3D-9F8AA25BD7BE}.Release|Any CPU.ActiveCfg = Release|Any CPU
		{9F04B604-7268-4CF4-8E3D-9F8AA25BD7BE}.Release|Any CPU.Build.0 = Release|Any CPU
		{9F04B604-7268-4CF4-8E3D-9F8AA25BD7BE}.Release|x64.ActiveCfg = Release|Any CPU
		{9F04B604-7268-4CF4-8E3D-9F8AA25BD7BE}.Release|x64.Build.0 = Release|Any CPU
		{9F04B604-7268-4CF4-8E3D-9F8AA25BD7BE}.Release|x86.ActiveCfg = Release|Any CPU
		{9F04B604-7268-4CF4-8E3D-9F8AA25BD7BE}.Release|x86.Build.0 = Release|Any CPU
		{DAE24B66-E2B0-46F3-9417-649E18C9DBCF}.Debug|Any CPU.ActiveCfg = Debug|Any CPU
		{DAE24B66-E2B0-46F3-9417-649E18C9DBCF}.Debug|Any CPU.Build.0 = Debug|Any CPU
		{DAE24B66-E2B0-46F3-9417-649E18C9DBCF}.Debug|x64.ActiveCfg = Debug|Any CPU
		{DAE24B66-E2B0-46F3-9417-649E18C9DBCF}.Debug|x64.Build.0 = Debug|Any CPU
		{DAE24B66-E2B0-46F3-9417-649E18C9DBCF}.Debug|x86.ActiveCfg = Debug|Any CPU
		{DAE24B66-E2B0-46F3-9417-649E18C9DBCF}.Debug|x86.Build.0 = Debug|Any CPU
		{DAE24B66-E2B0-46F3-9417-649E18C9DBCF}.Release|Any CPU.ActiveCfg = Release|Any CPU
		{DAE24B66-E2B0-46F3-9417-649E18C9DBCF}.Release|Any CPU.Build.0 = Release|Any CPU
		{DAE24B66-E2B0-46F3-9417-649E18C9DBCF}.Release|x64.ActiveCfg = Release|Any CPU
		{DAE24B66-E2B0-46F3-9417-649E18C9DBCF}.Release|x64.Build.0 = Release|Any CPU
		{DAE24B66-E2B0-46F3-9417-649E18C9DBCF}.Release|x86.ActiveCfg = Release|Any CPU
		{DAE24B66-E2B0-46F3-9417-649E18C9DBCF}.Release|x86.Build.0 = Release|Any CPU
		{7DA6C46D-D7DB-4BF4-B946-236DC513C5EF}.Debug|Any CPU.ActiveCfg = Debug|Any CPU
		{7DA6C46D-D7DB-4BF4-B946-236DC513C5EF}.Debug|Any CPU.Build.0 = Debug|Any CPU
		{7DA6C46D-D7DB-4BF4-B946-236DC513C5EF}.Debug|x64.ActiveCfg = Debug|Any CPU
		{7DA6C46D-D7DB-4BF4-B946-236DC513C5EF}.Debug|x64.Build.0 = Debug|Any CPU
		{7DA6C46D-D7DB-4BF4-B946-236DC513C5EF}.Debug|x86.ActiveCfg = Debug|Any CPU
		{7DA6C46D-D7DB-4BF4-B946-236DC513C5EF}.Debug|x86.Build.0 = Debug|Any CPU
		{7DA6C46D-D7DB-4BF4-B946-236DC513C5EF}.Release|Any CPU.ActiveCfg = Release|Any CPU
		{7DA6C46D-D7DB-4BF4-B946-236DC513C5EF}.Release|Any CPU.Build.0 = Release|Any CPU
		{7DA6C46D-D7DB-4BF4-B946-236DC513C5EF}.Release|x64.ActiveCfg = Release|Any CPU
		{7DA6C46D-D7DB-4BF4-B946-236DC513C5EF}.Release|x64.Build.0 = Release|Any CPU
		{7DA6C46D-D7DB-4BF4-B946-236DC513C5EF}.Release|x86.ActiveCfg = Release|Any CPU
		{7DA6C46D-D7DB-4BF4-B946-236DC513C5EF}.Release|x86.Build.0 = Release|Any CPU
		{72D103FA-FC6F-43CF-9B61-4F175AA2D565}.Debug|Any CPU.ActiveCfg = Debug|Any CPU
		{72D103FA-FC6F-43CF-9B61-4F175AA2D565}.Debug|Any CPU.Build.0 = Debug|Any CPU
		{72D103FA-FC6F-43CF-9B61-4F175AA2D565}.Debug|x64.ActiveCfg = Debug|Any CPU
		{72D103FA-FC6F-43CF-9B61-4F175AA2D565}.Debug|x64.Build.0 = Debug|Any CPU
		{72D103FA-FC6F-43CF-9B61-4F175AA2D565}.Debug|x86.ActiveCfg = Debug|Any CPU
		{72D103FA-FC6F-43CF-9B61-4F175AA2D565}.Debug|x86.Build.0 = Debug|Any CPU
		{72D103FA-FC6F-43CF-9B61-4F175AA2D565}.Release|Any CPU.ActiveCfg = Release|Any CPU
		{72D103FA-FC6F-43CF-9B61-4F175AA2D565}.Release|Any CPU.Build.0 = Release|Any CPU
		{72D103FA-FC6F-43CF-9B61-4F175AA2D565}.Release|x64.ActiveCfg = Release|Any CPU
		{72D103FA-FC6F-43CF-9B61-4F175AA2D565}.Release|x64.Build.0 = Release|Any CPU
		{72D103FA-FC6F-43CF-9B61-4F175AA2D565}.Release|x86.ActiveCfg = Release|Any CPU
		{72D103FA-FC6F-43CF-9B61-4F175AA2D565}.Release|x86.Build.0 = Release|Any CPU
		{007CB1C5-C9C8-4DF6-8FAE-00FC835A1227}.Debug|Any CPU.ActiveCfg = Debug|Any CPU
		{007CB1C5-C9C8-4DF6-8FAE-00FC835A1227}.Debug|Any CPU.Build.0 = Debug|Any CPU
		{007CB1C5-C9C8-4DF6-8FAE-00FC835A1227}.Debug|x64.ActiveCfg = Debug|Any CPU
		{007CB1C5-C9C8-4DF6-8FAE-00FC835A1227}.Debug|x64.Build.0 = Debug|Any CPU
		{007CB1C5-C9C8-4DF6-8FAE-00FC835A1227}.Debug|x86.ActiveCfg = Debug|Any CPU
		{007CB1C5-C9C8-4DF6-8FAE-00FC835A1227}.Debug|x86.Build.0 = Debug|Any CPU
		{007CB1C5-C9C8-4DF6-8FAE-00FC835A1227}.Release|Any CPU.ActiveCfg = Release|Any CPU
		{007CB1C5-C9C8-4DF6-8FAE-00FC835A1227}.Release|Any CPU.Build.0 = Release|Any CPU
		{007CB1C5-C9C8-4DF6-8FAE-00FC835A1227}.Release|x64.ActiveCfg = Release|Any CPU
		{007CB1C5-C9C8-4DF6-8FAE-00FC835A1227}.Release|x64.Build.0 = Release|Any CPU
		{007CB1C5-C9C8-4DF6-8FAE-00FC835A1227}.Release|x86.ActiveCfg = Release|Any CPU
		{007CB1C5-C9C8-4DF6-8FAE-00FC835A1227}.Release|x86.Build.0 = Release|Any CPU
		{A613A72D-E728-4482-BBCB-85B3D11BAD48}.Debug|Any CPU.ActiveCfg = Debug|Any CPU
		{A613A72D-E728-4482-BBCB-85B3D11BAD48}.Debug|Any CPU.Build.0 = Debug|Any CPU
		{A613A72D-E728-4482-BBCB-85B3D11BAD48}.Debug|x64.ActiveCfg = Debug|Any CPU
		{A613A72D-E728-4482-BBCB-85B3D11BAD48}.Debug|x64.Build.0 = Debug|Any CPU
		{A613A72D-E728-4482-BBCB-85B3D11BAD48}.Debug|x86.ActiveCfg = Debug|Any CPU
		{A613A72D-E728-4482-BBCB-85B3D11BAD48}.Debug|x86.Build.0 = Debug|Any CPU
		{A613A72D-E728-4482-BBCB-85B3D11BAD48}.Release|Any CPU.ActiveCfg = Release|Any CPU
		{A613A72D-E728-4482-BBCB-85B3D11BAD48}.Release|Any CPU.Build.0 = Release|Any CPU
		{A613A72D-E728-4482-BBCB-85B3D11BAD48}.Release|x64.ActiveCfg = Release|Any CPU
		{A613A72D-E728-4482-BBCB-85B3D11BAD48}.Release|x64.Build.0 = Release|Any CPU
		{A613A72D-E728-4482-BBCB-85B3D11BAD48}.Release|x86.ActiveCfg = Release|Any CPU
		{A613A72D-E728-4482-BBCB-85B3D11BAD48}.Release|x86.Build.0 = Release|Any CPU
		{31A4EF3E-58E6-4421-BE3A-C64B3AF10FF6}.Debug|Any CPU.ActiveCfg = Debug|Any CPU
		{31A4EF3E-58E6-4421-BE3A-C64B3AF10FF6}.Debug|Any CPU.Build.0 = Debug|Any CPU
		{31A4EF3E-58E6-4421-BE3A-C64B3AF10FF6}.Debug|x64.ActiveCfg = Debug|Any CPU
		{31A4EF3E-58E6-4421-BE3A-C64B3AF10FF6}.Debug|x64.Build.0 = Debug|Any CPU
		{31A4EF3E-58E6-4421-BE3A-C64B3AF10FF6}.Debug|x86.ActiveCfg = Debug|Any CPU
		{31A4EF3E-58E6-4421-BE3A-C64B3AF10FF6}.Debug|x86.Build.0 = Debug|Any CPU
		{31A4EF3E-58E6-4421-BE3A-C64B3AF10FF6}.Release|Any CPU.ActiveCfg = Release|Any CPU
		{31A4EF3E-58E6-4421-BE3A-C64B3AF10FF6}.Release|Any CPU.Build.0 = Release|Any CPU
		{31A4EF3E-58E6-4421-BE3A-C64B3AF10FF6}.Release|x64.ActiveCfg = Release|Any CPU
		{31A4EF3E-58E6-4421-BE3A-C64B3AF10FF6}.Release|x64.Build.0 = Release|Any CPU
		{31A4EF3E-58E6-4421-BE3A-C64B3AF10FF6}.Release|x86.ActiveCfg = Release|Any CPU
		{31A4EF3E-58E6-4421-BE3A-C64B3AF10FF6}.Release|x86.Build.0 = Release|Any CPU
		{AC9748F4-D341-44B7-8512-CE73388A8EBF}.Debug|Any CPU.ActiveCfg = Debug|Any CPU
		{AC9748F4-D341-44B7-8512-CE73388A8EBF}.Debug|Any CPU.Build.0 = Debug|Any CPU
		{AC9748F4-D341-44B7-8512-CE73388A8EBF}.Debug|x64.ActiveCfg = Debug|Any CPU
		{AC9748F4-D341-44B7-8512-CE73388A8EBF}.Debug|x64.Build.0 = Debug|Any CPU
		{AC9748F4-D341-44B7-8512-CE73388A8EBF}.Debug|x86.ActiveCfg = Debug|Any CPU
		{AC9748F4-D341-44B7-8512-CE73388A8EBF}.Debug|x86.Build.0 = Debug|Any CPU
		{AC9748F4-D341-44B7-8512-CE73388A8EBF}.Release|Any CPU.ActiveCfg = Release|Any CPU
		{AC9748F4-D341-44B7-8512-CE73388A8EBF}.Release|Any CPU.Build.0 = Release|Any CPU
		{AC9748F4-D341-44B7-8512-CE73388A8EBF}.Release|x64.ActiveCfg = Release|Any CPU
		{AC9748F4-D341-44B7-8512-CE73388A8EBF}.Release|x64.Build.0 = Release|Any CPU
		{AC9748F4-D341-44B7-8512-CE73388A8EBF}.Release|x86.ActiveCfg = Release|Any CPU
		{AC9748F4-D341-44B7-8512-CE73388A8EBF}.Release|x86.Build.0 = Release|Any CPU
	EndGlobalSection
	GlobalSection(SolutionProperties) = preSolution
		HideSolutionNode = FALSE
	EndGlobalSection
	GlobalSection(NestedProjects) = preSolution
		{9F04B604-7268-4CF4-8E3D-9F8AA25BD7BE} = {AD340CE8-4D03-4495-8035-09E1E5DCDB21}
		{DAE24B66-E2B0-46F3-9417-649E18C9DBCF} = {AD340CE8-4D03-4495-8035-09E1E5DCDB21}
		{7DA6C46D-D7DB-4BF4-B946-236DC513C5EF} = {AD340CE8-4D03-4495-8035-09E1E5DCDB21}
		{72D103FA-FC6F-43CF-9B61-4F175AA2D565} = {5BC58A3D-96B6-4714-A60D-1EF522048731}
		{007CB1C5-C9C8-4DF6-8FAE-00FC835A1227} = {F9DE9EA6-4758-4DBE-8789-FD65229786EB}
		{A613A72D-E728-4482-BBCB-85B3D11BAD48} = {9EEB4E00-25B1-40BE-9CA9-301BDB3BC519}
		{31A4EF3E-58E6-4421-BE3A-C64B3AF10FF6} = {9EEB4E00-25B1-40BE-9CA9-301BDB3BC519}
		{F9DE9EA6-4758-4DBE-8789-FD65229786EB} = {AD340CE8-4D03-4495-8035-09E1E5DCDB21}
		{5BC58A3D-96B6-4714-A60D-1EF522048731} = {AD340CE8-4D03-4495-8035-09E1E5DCDB21}
		{E044D10B-56F6-4D9C-AE9B-1876C35B6819} = {9EEB4E00-25B1-40BE-9CA9-301BDB3BC519}
		{AC9748F4-D341-44B7-8512-CE73388A8EBF} = {E044D10B-56F6-4D9C-AE9B-1876C35B6819}
	EndGlobalSection
	GlobalSection(ExtensibilityGlobals) = postSolution
		SolutionGuid = {673BABF4-EA52-4092-B939-F1012A1CE423}
	EndGlobalSection
EndGlobal
